
Microsoft Visual Studio Solution File, Format Version 12.00
# Visual Studio 15
VisualStudioVersion = 15.0.28307.421
MinimumVisualStudioVersion = 10.0.40219.1
Project("{FAE04EC0-301F-11D3-BF4B-00C04F79EFBC}") = "GApp.Android", "GApp\GApp.Android\GApp.Android.csproj", "{8BC88AF3-F234-4CC1-876F-7FD6F883FB5F}"
EndProject
Project("{FAE04EC0-301F-11D3-BF4B-00C04F79EFBC}") = "GApp", "GApp\GApp\GApp.csproj", "{6B098C88-1503-43D7-92C8-8D0562F11AEC}"
EndProject
Global
	GlobalSection(SolutionConfigurationPlatforms) = preSolution
		Debug|Any CPU = Debug|Any CPU
		Release|Any CPU = Release|Any CPU
	EndGlobalSection
	GlobalSection(ProjectConfigurationPlatforms) = postSolution
		{8BC88AF3-F234-4CC1-876F-7FD6F883FB5F}.Debug|Any CPU.ActiveCfg = Debug|Any CPU
		{8BC88AF3-F234-4CC1-876F-7FD6F883FB5F}.Debug|Any CPU.Build.0 = Debug|Any CPU
		{8BC88AF3-F234-4CC1-876F-7FD6F883FB5F}.Debug|Any CPU.Deploy.0 = Debug|Any CPU
		{8BC88AF3-F234-4CC1-876F-7FD6F883FB5F}.Release|Any CPU.ActiveCfg = Release|Any CPU
		{8BC88AF3-F234-4CC1-876F-7FD6F883FB5F}.Release|Any CPU.Build.0 = Release|Any CPU
		{8BC88AF3-F234-4CC1-876F-7FD6F883FB5F}.Release|Any CPU.Deploy.0 = Release|Any CPU
		{6B098C88-1503-43D7-92C8-8D0562F11AEC}.Debug|Any CPU.ActiveCfg = Debug|Any CPU
		{6B098C88-1503-43D7-92C8-8D0562F11AEC}.Debug|Any CPU.Build.0 = Debug|Any CPU
		{6B098C88-1503-43D7-92C8-8D0562F11AEC}.Debug|Any CPU.Deploy.0 = Debug|Any CPU
		{6B098C88-1503-43D7-92C8-8D0562F11AEC}.Release|Any CPU.ActiveCfg = Release|Any CPU
		{6B098C88-1503-43D7-92C8-8D0562F11AEC}.Release|Any CPU.Build.0 = Release|Any CPU
		{6B098C88-1503-43D7-92C8-8D0562F11AEC}.Release|Any CPU.Deploy.0 = Release|Any CPU
	EndGlobalSection
	GlobalSection(SolutionProperties) = preSolution
		HideSolutionNode = FALSE
	EndGlobalSection
	GlobalSection(ExtensibilityGlobals) = postSolution
		SolutionGuid = {2C225763-B660-488A-B388-85F7831EBC17}
	EndGlobalSection
EndGlobal
